// !$*UTF8*$!
{
	archiveVersion = 1;
	classes = {
	};
	objectVersion = 56;
	objects = {

/* Begin PBXBuildFile section */
		4AC8C49B29F3529C00A0E432 /* AppDelegate.swift in Sources */ = {isa = PBXBuildFile; fileRef = 4AC8C49A29F3529C00A0E432 /* AppDelegate.swift */; };
		4AC8C49D29F3529C00A0E432 /* SceneDelegate.swift in Sources */ = {isa = PBXBuildFile; fileRef = 4AC8C49C29F3529C00A0E432 /* SceneDelegate.swift */; };
		4AC8C49F29F3529C00A0E432 /* ViewController.swift in Sources */ = {isa = PBXBuildFile; fileRef = 4AC8C49E29F3529C00A0E432 /* ViewController.swift */; };
		4AC8C4A229F3529C00A0E432 /* Main.storyboard in Resources */ = {isa = PBXBuildFile; fileRef = 4AC8C4A029F3529C00A0E432 /* Main.storyboard */; };
		4AC8C4A429F3529D00A0E432 /* Assets.xcassets in Resources */ = {isa = PBXBuildFile; fileRef = 4AC8C4A329F3529D00A0E432 /* Assets.xcassets */; };
		4AC8C4A729F3529D00A0E432 /* LaunchScreen.storyboard in Resources */ = {isa = PBXBuildFile; fileRef = 4AC8C4A529F3529D00A0E432 /* LaunchScreen.storyboard */; };
		4AC8C4B029F3536200A0E432 /* Piece.swift in Sources */ = {isa = PBXBuildFile; fileRef = 4AC8C4AF29F3536200A0E432 /* Piece.swift */; };
		4AC8C4B429F3553800A0E432 /* PieceView.swift in Sources */ = {isa = PBXBuildFile; fileRef = 4AC8C4B329F3553800A0E432 /* PieceView.swift */; };
		4AC8C4B629F3582500A0E432 /* Extensions.swift in Sources */ = {isa = PBXBuildFile; fileRef = 4AC8C4B529F3582500A0E432 /* Extensions.swift */; };
		4AC8C4B829F3637F00A0E432 /* Side.swift in Sources */ = {isa = PBXBuildFile; fileRef = 4AC8C4B729F3637F00A0E432 /* Side.swift */; };
		4AC8C4C029F78E1D00A0E432 /* GlobalData.swift in Sources */ = {isa = PBXBuildFile; fileRef = 4AC8C4BF29F78E1D00A0E432 /* GlobalData.swift */; };
/* End PBXBuildFile section */

/* Begin PBXFileReference section */
		4AC8C49729F3529B00A0E432 /* Puzzle.app */ = {isa = PBXFileReference; explicitFileType = wrapper.application; includeInIndex = 0; path = Puzzle.app; sourceTree = BUILT_PRODUCTS_DIR; };
		4AC8C49A29F3529C00A0E432 /* AppDelegate.swift */ = {isa = PBXFileReference; lastKnownFileType = sourcecode.swift; path = AppDelegate.swift; sourceTree = "<group>"; };
		4AC8C49C29F3529C00A0E432 /* SceneDelegate.swift */ = {isa = PBXFileReference; lastKnownFileType = sourcecode.swift; path = SceneDelegate.swift; sourceTree = "<group>"; };
		4AC8C49E29F3529C00A0E432 /* ViewController.swift */ = {isa = PBXFileReference; lastKnownFileType = sourcecode.swift; path = ViewController.swift; sourceTree = "<group>"; };
		4AC8C4A129F3529C00A0E432 /* Base */ = {isa = PBXFileReference; lastKnownFileType = file.storyboard; name = Base; path = Base.lproj/Main.storyboard; sourceTree = "<group>"; };
		4AC8C4A329F3529D00A0E432 /* Assets.xcassets */ = {isa = PBXFileReference; lastKnownFileType = folder.assetcatalog; path = Assets.xcassets; sourceTree = "<group>"; };
		4AC8C4A629F3529D00A0E432 /* Base */ = {isa = PBXFileReference; lastKnownFileType = file.storyboard; name = Base; path = Base.lproj/LaunchScreen.storyboard; sourceTree = "<group>"; };
		4AC8C4A829F3529D00A0E432 /* Info.plist */ = {isa = PBXFileReference; lastKnownFileType = text.plist.xml; path = Info.plist; sourceTree = "<group>"; };
		4AC8C4AF29F3536200A0E432 /* Piece.swift */ = {isa = PBXFileReference; lastKnownFileType = sourcecode.swift; path = Piece.swift; sourceTree = "<group>"; };
		4AC8C4B329F3553800A0E432 /* PieceView.swift */ = {isa = PBXFileReference; lastKnownFileType = sourcecode.swift; path = PieceView.swift; sourceTree = "<group>"; };
		4AC8C4B529F3582500A0E432 /* Extensions.swift */ = {isa = PBXFileReference; fileEncoding = 4; lastKnownFileType = sourcecode.swift; path = Extensions.swift; sourceTree = "<group>"; };
		4AC8C4B729F3637F00A0E432 /* Side.swift */ = {isa = PBXFileReference; lastKnownFileType = sourcecode.swift; path = Side.swift; sourceTree = "<group>"; };
		4AC8C4BF29F78E1D00A0E432 /* GlobalData.swift */ = {isa = PBXFileReference; lastKnownFileType = sourcecode.swift; path = GlobalData.swift; sourceTree = "<group>"; };
/* End PBXFileReference section */

/* Begin PBXFrameworksBuildPhase section */
		4AC8C49429F3529B00A0E432 /* Frameworks */ = {
			isa = PBXFrameworksBuildPhase;
			buildActionMask = 2147483647;
			files = (
			);
			runOnlyForDeploymentPostprocessing = 0;
		};
/* End PBXFrameworksBuildPhase section */

/* Begin PBXGroup section */
		4AC8C48E29F3529B00A0E432 = {
			isa = PBXGroup;
			children = (
				4AC8C49929F3529B00A0E432 /* Puzzle */,
				4AC8C49829F3529B00A0E432 /* Products */,
			);
			sourceTree = "<group>";
		};
		4AC8C49829F3529B00A0E432 /* Products */ = {
			isa = PBXGroup;
			children = (
				4AC8C49729F3529B00A0E432 /* Puzzle.app */,
			);
			name = Products;
			sourceTree = "<group>";
		};
		4AC8C49929F3529B00A0E432 /* Puzzle */ = {
			isa = PBXGroup;
			children = (
				4AC8C4A029F3529C00A0E432 /* Main.storyboard */,
				4AC8C4BB29F39E9200A0E432 /* Controller */,
				4AC8C4BA29F39E8200A0E432 /* View */,
				4AC8C4B929F39E7100A0E432 /* Model */,
				4AC8C4BC29F39EB300A0E432 /* Utilities */,
				4AC8C4AE29F352B400A0E432 /* Supporting Files */,
				4AC8C4A829F3529D00A0E432 /* Info.plist */,
			);
			path = Puzzle;
			sourceTree = "<group>";
		};
		4AC8C4AE29F352B400A0E432 /* Supporting Files */ = {
			isa = PBXGroup;
			children = (
				4AC8C49A29F3529C00A0E432 /* AppDelegate.swift */,
				4AC8C49C29F3529C00A0E432 /* SceneDelegate.swift */,
				4AC8C4A329F3529D00A0E432 /* Assets.xcassets */,
				4AC8C4A529F3529D00A0E432 /* LaunchScreen.storyboard */,
			);
			path = "Supporting Files";
			sourceTree = "<group>";
		};
		4AC8C4B929F39E7100A0E432 /* Model */ = {
			isa = PBXGroup;
			children = (
				4AC8C4AF29F3536200A0E432 /* Piece.swift */,
				4AC8C4B729F3637F00A0E432 /* Side.swift */,
			);
			path = Model;
			sourceTree = "<group>";
		};
		4AC8C4BA29F39E8200A0E432 /* View */ = {
			isa = PBXGroup;
			children = (
				4AC8C4B329F3553800A0E432 /* PieceView.swift */,
			);
			path = View;
			sourceTree = "<group>";
		};
		4AC8C4BB29F39E9200A0E432 /* Controller */ = {
			isa = PBXGroup;
			children = (
				4AC8C49E29F3529C00A0E432 /* ViewController.swift */,
			);
			path = Controller;
			sourceTree = "<group>";
		};
		4AC8C4BC29F39EB300A0E432 /* Utilities */ = {
			isa = PBXGroup;
			children = (
				4AC8C4B529F3582500A0E432 /* Extensions.swift */,
				4AC8C4BF29F78E1D00A0E432 /* GlobalData.swift */,
			);
			path = Utilities;
			sourceTree = "<group>";
		};
/* End PBXGroup section */

/* Begin PBXNativeTarget section */
		4AC8C49629F3529B00A0E432 /* Puzzle */ = {
			isa = PBXNativeTarget;
			buildConfigurationList = 4AC8C4AB29F3529D00A0E432 /* Build configuration list for PBXNativeTarget "Puzzle" */;
			buildPhases = (
				4AC8C49329F3529B00A0E432 /* Sources */,
				4AC8C49429F3529B00A0E432 /* Frameworks */,
				4AC8C49529F3529B00A0E432 /* Resources */,
			);
			buildRules = (
			);
			dependencies = (
			);
			name = Puzzle;
			productName = Puzzle;
			productReference = 4AC8C49729F3529B00A0E432 /* Puzzle.app */;
			productType = "com.apple.product-type.application";
		};
/* End PBXNativeTarget section */

/* Begin PBXProject section */
		4AC8C48F29F3529B00A0E432 /* Project object */ = {
			isa = PBXProject;
			attributes = {
				BuildIndependentTargetsInParallel = 1;
				LastSwiftUpdateCheck = 1430;
				LastUpgradeCheck = 1430;
				TargetAttributes = {
					4AC8C49629F3529B00A0E432 = {
						CreatedOnToolsVersion = 14.3;
					};
				};
			};
			buildConfigurationList = 4AC8C49229F3529B00A0E432 /* Build configuration list for PBXProject "Puzzle" */;
			compatibilityVersion = "Xcode 14.0";
			developmentRegion = en;
			hasScannedForEncodings = 0;
			knownRegions = (
				en,
				Base,
			);
			mainGroup = 4AC8C48E29F3529B00A0E432;
			productRefGroup = 4AC8C49829F3529B00A0E432 /* Products */;
			projectDirPath = "";
			projectRoot = "";
			targets = (
				4AC8C49629F3529B00A0E432 /* Puzzle */,
			);
		};
/* End PBXProject section */

/* Begin PBXResourcesBuildPhase section */
		4AC8C49529F3529B00A0E432 /* Resources */ = {
			isa = PBXResourcesBuildPhase;
			buildActionMask = 2147483647;
			files = (
				4AC8C4A729F3529D00A0E432 /* LaunchScreen.storyboard in Resources */,
				4AC8C4A429F3529D00A0E432 /* Assets.xcassets in Resources */,
				4AC8C4A229F3529C00A0E432 /* Main.storyboard in Resources */,
			);
			runOnlyForDeploymentPostprocessing = 0;
		};
/* End PBXResourcesBuildPhase section */

/* Begin PBXSourcesBuildPhase section */
		4AC8C49329F3529B00A0E432 /* Sources */ = {
			isa = PBXSourcesBuildPhase;
			buildActionMask = 2147483647;
			files = (
				4AC8C4B629F3582500A0E432 /* Extensions.swift in Sources */,
				4AC8C4B429F3553800A0E432 /* PieceView.swift in Sources */,
				4AC8C4B029F3536200A0E432 /* Piece.swift in Sources */,
				4AC8C49F29F3529C00A0E432 /* ViewController.swift in Sources */,
				4AC8C4C029F78E1D00A0E432 /* GlobalData.swift in Sources */,
				4AC8C4B829F3637F00A0E432 /* Side.swift in Sources */,
				4AC8C49B29F3529C00A0E432 /* AppDelegate.swift in Sources */,
				4AC8C49D29F3529C00A0E432 /* SceneDelegate.swift in Sources */,
			);
			runOnlyForDeploymentPostprocessing = 0;
		};
/* End PBXSourcesBuildPhase section */

/* Begin PBXVariantGroup section */
		4AC8C4A029F3529C00A0E432 /* Main.storyboard */ = {
			isa = PBXVariantGroup;
			children = (
				4AC8C4A129F3529C00A0E432 /* Base */,
			);
			name = Main.storyboard;
			sourceTree = "<group>";
		};
		4AC8C4A529F3529D00A0E432 /* LaunchScreen.storyboard */ = {
			isa = PBXVariantGroup;
			children = (
				4AC8C4A629F3529D00A0E432 /* Base */,
			);
			name = LaunchScreen.storyboard;
			sourceTree = "<group>";
		};
/* End PBXVariantGroup section */

/* Begin XCBuildConfiguration section */
		4AC8C4A929F3529D00A0E432 /* Debug */ = {
			isa = XCBuildConfiguration;
			buildSettings = {
				ALWAYS_SEARCH_USER_PATHS = NO;
				CLANG_ANALYZER_NONNULL = YES;
				CLANG_ANALYZER_NUMBER_OBJECT_CONVERSION = YES_AGGRESSIVE;
				CLANG_CXX_LANGUAGE_STANDARD = "gnu++20";
				CLANG_ENABLE_MODULES = YES;
				CLANG_ENABLE_OBJC_ARC = YES;
				CLANG_ENABLE_OBJC_WEAK = YES;
				CLANG_WARN_BLOCK_CAPTURE_AUTORELEASING = YES;
				CLANG_WARN_BOOL_CONVERSION = YES;
				CLANG_WARN_COMMA = YES;
				CLANG_WARN_CONSTANT_CONVERSION = YES;
				CLANG_WARN_DEPRECATED_OBJC_IMPLEMENTATIONS = YES;
				CLANG_WARN_DIRECT_OBJC_ISA_USAGE = YES_ERROR;
				CLANG_WARN_DOCUMENTATION_COMMENTS = YES;
				CLANG_WARN_EMPTY_BODY = YES;
				CLANG_WARN_ENUM_CONVERSION = YES;
				CLANG_WARN_INFINITE_RECURSION = YES;
				CLANG_WARN_INT_CONVERSION = YES;
				CLANG_WARN_NON_LITERAL_NULL_CONVERSION = YES;
				CLANG_WARN_OBJC_IMPLICIT_RETAIN_SELF = YES;
				CLANG_WARN_OBJC_LITERAL_CONVERSION = YES;
				CLANG_WARN_OBJC_ROOT_CLASS = YES_ERROR;
				CLANG_WARN_QUOTED_INCLUDE_IN_FRAMEWORK_HEADER = YES;
				CLANG_WARN_RANGE_LOOP_ANALYSIS = YES;
				CLANG_WARN_STRICT_PROTOTYPES = YES;
				CLANG_WARN_SUSPICIOUS_MOVE = YES;
				CLANG_WARN_UNGUARDED_AVAILABILITY = YES_AGGRESSIVE;
				CLANG_WARN_UNREACHABLE_CODE = YES;
				CLANG_WARN__DUPLICATE_METHOD_MATCH = YES;
				COPY_PHASE_STRIP = NO;
				DEBUG_INFORMATION_FORMAT = dwarf;
				ENABLE_STRICT_OBJC_MSGSEND = YES;
				ENABLE_TESTABILITY = YES;
				GCC_C_LANGUAGE_STANDARD = gnu11;
				GCC_DYNAMIC_NO_PIC = NO;
				GCC_NO_COMMON_BLOCKS = YES;
				GCC_OPTIMIZATION_LEVEL = 0;
				GCC_PREPROCESSOR_DEFINITIONS = (
					"DEBUG=1",
					"$(inherited)",
				);
				GCC_WARN_64_TO_32_BIT_CONVERSION = YES;
				GCC_WARN_ABOUT_RETURN_TYPE = YES_ERROR;
				GCC_WARN_UNDECLARED_SELECTOR = YES;
				GCC_WARN_UNINITIALIZED_AUTOS = YES_AGGRESSIVE;
				GCC_WARN_UNUSED_FUNCTION = YES;
				GCC_WARN_UNUSED_VARIABLE = YES;
				IPHONEOS_DEPLOYMENT_TARGET = 16.4;
				MTL_ENABLE_DEBUG_INFO = INCLUDE_SOURCE;
				MTL_FAST_MATH = YES;
				ONLY_ACTIVE_ARCH = YES;
				SDKROOT = iphoneos;
				SWIFT_ACTIVE_COMPILATION_CONDITIONS = DEBUG;
				SWIFT_OPTIMIZATION_LEVEL = "-Onone";
			};
			name = Debug;
		};
		4AC8C4AA29F3529D00A0E432 /* Release */ = {
			isa = XCBuildConfiguration;
			buildSettings = {
				ALWAYS_SEARCH_USER_PATHS = NO;
				CLANG_ANALYZER_NONNULL = YES;
				CLANG_ANALYZER_NUMBER_OBJECT_CONVERSION = YES_AGGRESSIVE;
				CLANG_CXX_LANGUAGE_STANDARD = "gnu++20";
				CLANG_ENABLE_MODULES = YES;
				CLANG_ENABLE_OBJC_ARC = YES;
				CLANG_ENABLE_OBJC_WEAK = YES;
				CLANG_WARN_BLOCK_CAPTURE_AUTORELEASING = YES;
				CLANG_WARN_BOOL_CONVERSION = YES;
				CLANG_WARN_COMMA = YES;
				CLANG_WARN_CONSTANT_CONVERSION = YES;
				CLANG_WARN_DEPRECATED_OBJC_IMPLEMENTATIONS = YES;
				CLANG_WARN_DIRECT_OBJC_ISA_USAGE = YES_ERROR;
				CLANG_WARN_DOCUMENTATION_COMMENTS = YES;
				CLANG_WARN_EMPTY_BODY = YES;
				CLANG_WARN_ENUM_CONVERSION = YES;
				CLANG_WARN_INFINITE_RECURSION = YES;
				CLANG_WARN_INT_CONVERSION = YES;
				CLANG_WARN_NON_LITERAL_NULL_CONVERSION = YES;
				CLANG_WARN_OBJC_IMPLICIT_RETAIN_SELF = YES;
				CLANG_WARN_OBJC_LITERAL_CONVERSION = YES;
				CLANG_WARN_OBJC_ROOT_CLASS = YES_ERROR;
				CLANG_WARN_QUOTED_INCLUDE_IN_FRAMEWORK_HEADER = YES;
				CLANG_WARN_RANGE_LOOP_ANALYSIS = YES;
				CLANG_WARN_STRICT_PROTOTYPES = YES;
				CLANG_WARN_SUSPICIOUS_MOVE = YES;
				CLANG_WARN_UNGUARDED_AVAILABILITY = YES_AGGRESSIVE;
				CLANG_WARN_UNREACHABLE_CODE = YES;
				CLANG_WARN__DUPLICATE_METHOD_MATCH = YES;
				COPY_PHASE_STRIP = NO;
				DEBUG_INFORMATION_FORMAT = "dwarf-with-dsym";
				ENABLE_NS_ASSERTIONS = NO;
				ENABLE_STRICT_OBJC_MSGSEND = YES;
				GCC_C_LANGUAGE_STANDARD = gnu11;
				GCC_NO_COMMON_BLOCKS = YES;
				GCC_WARN_64_TO_32_BIT_CONVERSION = YES;
				GCC_WARN_ABOUT_RETURN_TYPE = YES_ERROR;
				GCC_WARN_UNDECLARED_SELECTOR = YES;
				GCC_WARN_UNINITIALIZED_AUTOS = YES_AGGRESSIVE;
				GCC_WARN_UNUSED_FUNCTION = YES;
				GCC_WARN_UNUSED_VARIABLE = YES;
				IPHONEOS_DEPLOYMENT_TARGET = 16.4;
				MTL_ENABLE_DEBUG_INFO = NO;
				MTL_FAST_MATH = YES;
				SDKROOT = iphoneos;
				SWIFT_COMPILATION_MODE = wholemodule;
				SWIFT_OPTIMIZATION_LEVEL = "-O";
				VALIDATE_PRODUCT = YES;
			};
			name = Release;
		};
		4AC8C4AC29F3529D00A0E432 /* Debug */ = {
			isa = XCBuildConfiguration;
			buildSettings = {
				ASSETCATALOG_COMPILER_APPICON_NAME = AppIcon;
				ASSETCATALOG_COMPILER_GLOBAL_ACCENT_COLOR_NAME = AccentColor;
				CODE_SIGN_STYLE = Automatic;
				CURRENT_PROJECT_VERSION = 1;
				DEVELOPMENT_TEAM = 65Z9KA7SHC;
				GENERATE_INFOPLIST_FILE = YES;
				INFOPLIST_FILE = Puzzle/Info.plist;
				INFOPLIST_KEY_UIApplicationSupportsIndirectInputEvents = YES;
				INFOPLIST_KEY_UILaunchStoryboardName = LaunchScreen;
				INFOPLIST_KEY_UIMainStoryboardFile = Main;
				INFOPLIST_KEY_UISupportedInterfaceOrientations_iPad = "UIInterfaceOrientationPortrait UIInterfaceOrientationPortraitUpsideDown UIInterfaceOrientationLandscapeLeft UIInterfaceOrientationLandscapeRight";
				INFOPLIST_KEY_UISupportedInterfaceOrientations_iPhone = "UIInterfaceOrientationPortrait UIInterfaceOrientationLandscapeLeft UIInterfaceOrientationLandscapeRight";
				IPHONEOS_DEPLOYMENT_TARGET = 12.4;
				LD_RUNPATH_SEARCH_PATHS = (
					"$(inherited)",
					"@executable_path/Frameworks",
				);
				MARKETING_VERSION = 1.0;
				PRODUCT_BUNDLE_IDENTIFIER = com.stern.Puzzle;
				PRODUCT_NAME = "$(TARGET_NAME)";
				SWIFT_EMIT_LOC_STRINGS = YES;
				SWIFT_VERSION = 5.0;
				TARGETED_DEVICE_FAMILY = "1,2";
			};
			name = Debug;
		};
		4AC8C4AD29F3529D00A0E432 /* Release */ = {
			isa = XCBuildConfiguration;
			buildSettings = {
				ASSETCATALOG_COMPILER_APPICON_NAME = AppIcon;
				ASSETCATALOG_COMPILER_GLOBAL_ACCENT_COLOR_NAME = AccentColor;
				CODE_SIGN_STYLE = Automatic;
				CURRENT_PROJECT_VERSION = 1;
				DEVELOPMENT_TEAM = 65Z9KA7SHC;
				GENERATE_INFOPLIST_FILE = YES;
				INFOPLIST_FILE = Puzzle/Info.plist;
				INFOPLIST_KEY_UIApplicationSupportsIndirectInputEvents = YES;
				INFOPLIST_KEY_UILaunchStoryboardName = LaunchScreen;
				INFOPLIST_KEY_UIMainStoryboardFile = Main;
				INFOPLIST_KEY_UISupportedInterfaceOrientations_iPad = "UIInterfaceOrientationPortrait UIInterfaceOrientationPortraitUpsideDown UIInterfaceOrientationLandscapeLeft UIInterfaceOrientationLandscapeRight";
				INFOPLIST_KEY_UISupportedInterfaceOrientations_iPhone = "UIInterfaceOrientationPortrait UIInterfaceOrientationLandscapeLeft UIInterfaceOrientationLandscapeRight";
				IPHONEOS_DEPLOYMENT_TARGET = 12.4;
				LD_RUNPATH_SEARCH_PATHS = (
					"$(inherited)",
					"@executable_path/Frameworks",
				);
				MARKETING_VERSION = 1.0;
				PRODUCT_BUNDLE_IDENTIFIER = com.stern.Puzzle;
				PRODUCT_NAME = "$(TARGET_NAME)";
				SWIFT_EMIT_LOC_STRINGS = YES;
				SWIFT_VERSION = 5.0;
				TARGETED_DEVICE_FAMILY = "1,2";
			};
			name = Release;
		};
/* End XCBuildConfiguration section */

/* Begin XCConfigurationList section */
		4AC8C49229F3529B00A0E432 /* Build configuration list for PBXProject "Puzzle" */ = {
			isa = XCConfigurationList;
			buildConfigurations = (
				4AC8C4A929F3529D00A0E432 /* Debug */,
				4AC8C4AA29F3529D00A0E432 /* Release */,
			);
			defaultConfigurationIsVisible = 0;
			defaultConfigurationName = Release;
		};
		4AC8C4AB29F3529D00A0E432 /* Build configuration list for PBXNativeTarget "Puzzle" */ = {
			isa = XCConfigurationList;
			buildConfigurations = (
				4AC8C4AC29F3529D00A0E432 /* Debug */,
				4AC8C4AD29F3529D00A0E432 /* Release */,
			);
			defaultConfigurationIsVisible = 0;
			defaultConfigurationName = Release;
		};
/* End XCConfigurationList section */
	};
	rootObject = 4AC8C48F29F3529B00A0E432 /* Project object */;
}
